{
  "name": "express_router_lecture_angular",
  "version": "1.0.0",
  "lockfileVersion": 1,
  "requires": true,
  "dependencies": {
    "angular": {
      "version": "1.8.3",
      "resolved": "https://registry.npmjs.org/angular/-/angular-1.8.3.tgz",
      "integrity": "sha512-5qjkWIQQVsHj4Sb5TcEs4WZWpFeVFHXwxEBHUhrny41D8UrBAd6T/6nPPAsLngJCReIOqi95W3mxdveveutpZw=="
    },
    "angular-route": {
      "version": "1.6.5",
      "resolved": "https://registry.npmjs.org/angular-route/-/angular-route-1.6.5.tgz",
      "integrity": "sha1-r0VZMpn1WHTQJhAYrbEVIKOBfSo="
    },
    "angular-sweetalert": {
      "version": "1.1.2",
      "resolved": "https://registry.npmjs.org/angular-sweetalert/-/angular-sweetalert-1.1.2.tgz",
      "integrity": "sha1-tQkMTh+khtm2G56nmdW3B7sEQi8="
    },
    "angular-sweetalert-2": {
      "version": "1.0.1",
      "resolved": "https://registry.npmjs.org/angular-sweetalert-2/-/angular-sweetalert-2-1.0.1.tgz",
      "integrity": "sha1-ZCWp72/0NFZalMQ9ut6rK1F02vQ=",
      "dependencies": {
        "es6-promise": {
          "version": "4.1.1",
          "resolved": "https://registry.npmjs.org/es6-promise/-/es6-promise-4.1.1.tgz",
          "integrity": "sha512-OaU1hHjgJf+b0NzsxCg7NdIYERD6Hy/PEmFLTjw+b65scuisG3Kt4QoTvJ66BBkPZ581gr0kpoVzKnxniM8nng=="
        },
        "sweetalert2": {
          "version": "5.3.8",
          "resolved": "https://registry.npmjs.org/sweetalert2/-/sweetalert2-5.3.8.tgz",
          "integrity": "sha1-YALBhFPQYMQLnMVL+DoBDHHjlik="
        }
      }
    },
    "angular-sweetalert-service": {
      "version": "2.0.2",
      "resolved": "https://registry.npmjs.org/angular-sweetalert-service/-/angular-sweetalert-service-2.0.2.tgz",
      "integrity": "sha1-EUX/y7U14yd2O8ohtQ8Sq2UuR38="
    },
    "bcrypt": {
      "version": "1.0.2",
      "resolved": "https://registry.npmjs.org/bcrypt/-/bcrypt-1.0.2.tgz",
      "integrity": "sha1-0F/F0iMXPg4o7DgcDwDMJf+vJzY="
    },
    "body-parser": {
      "version": "1.17.2",
      "resolved": "https://registry.npmjs.org/body-parser/-/body-parser-1.17.2.tgz",
      "integrity": "sha1-+IkqvI+eYn1Crtr7yma/WrmRBO4=",
      "dependencies": {
        "debug": {
          "version": "2.6.7",
          "resolved": "https://registry.npmjs.org/debug/-/debug-2.6.7.tgz",
          "integrity": "sha1-krrR9tBbu2u6Isyoi80OyJTChh4="
        },
        "ms": {
          "version": "2.0.0",
          "resolved": "https://registry.npmjs.org/ms/-/ms-2.0.0.tgz",
          "integrity": "sha1-VgiurfwAvmwpAd9fmGF4jeDVl8g="
        }
      }
    },
    "bootstrap": {
      "version": "3.3.7",
      "resolved": "https://registry.npmjs.org/bootstrap/-/bootstrap-3.3.7.tgz",
      "integrity": "sha1-WjiTlFSfIzMIdaOxUGVldPip63E="
    },
    "express": {
      "version": "4.15.3",
      "resolved": "https://registry.npmjs.org/express/-/express-4.15.3.tgz",
      "integrity": "sha1-urZdDwOqgMNYQIly/HAPkWlEtmI=",
      "dependencies": {
        "debug": {
          "version": "2.6.7",
          "resolved": "https://registry.npmjs.org/debug/-/debug-2.6.7.tgz",
          "integrity": "sha1-krrR9tBbu2u6Isyoi80OyJTChh4="
        },
        "ms": {
          "version": "2.0.0",
          "resolved": "https://registry.npmjs.org/ms/-/ms-2.0.0.tgz",
          "integrity": "sha1-VgiurfwAvmwpAd9fmGF4jeDVl8g="
        }
      }
    },
    "express-session": {
      "version": "1.15.4",
      "resolved": "https://registry.npmjs.org/express-session/-/express-session-1.15.4.tgz",
      "integrity": "sha1-Xizc9t7+PB7aTpgPE7mGzFjPuVQ=",
      "dependencies": {
        "debug": {
          "version": "2.6.8",
          "resolved": "https://registry.npmjs.org/debug/-/debug-2.6.8.tgz",
          "integrity": "sha1-5zFTHKLt4n0YgiJCfaF4IdaP9Pw="
        },
        "ms": {
          "version": "2.0.0",
          "resolved": "https://registry.npmjs.org/ms/-/ms-2.0.0.tgz",
          "integrity": "sha1-VgiurfwAvmwpAd9fmGF4jeDVl8g="
        }
      }
    },
    "jquery": {
      "version": "2.2.4",
      "resolved": "https://registry.npmjs.org/jquery/-/jquery-2.2.4.tgz",
      "integrity": "sha1-LInWiJterFIqfuoywUUhVZxsvwI="
    },
    "mongoose": {
      "version": "4.11.4",
      "resolved": "https://registry.npmjs.org/mongoose/-/mongoose-4.11.4.tgz",
      "integrity": "sha1-PXQREQXui2GescHXkOe/xOjLp7s=",
      "dependencies": {
        "ms": {
          "version": "2.0.0",
          "resolved": "https://registry.npmjs.org/ms/-/ms-2.0.0.tgz",
          "integrity": "sha1-VgiurfwAvmwpAd9fmGF4jeDVl8g="
        }
      }
    },
    "nodemailer": {
      "version": "4.1.0",
      "resolved": "https://registry.npmjs.org/nodemailer/-/nodemailer-4.1.0.tgz",
      "integrity": "sha512-pZg74CNQgnC0gZTfH0btXCxjKj7/2v5pea6hmMJ/iKyT48Z81TXZua7c65clwqKIlWfMfYBQG3OkrKxycIdXTw=="
    },
    "passport": {
      "version": "0.2.2",
      "resolved": "https://registry.npmjs.org/passport/-/passport-0.2.2.tgz",
      "integrity": "sha1-nDjxe+uSnz2Br3uIOOhDDbhwPys="
    },
    "passport-local": {
      "version": "1.0.0",
      "resolved": "https://registry.npmjs.org/passport-local/-/passport-local-1.0.0.tgz",
      "integrity": "sha1-H+YyaMkudWBmJkN+O5BmYsFbpu4="
    },
    "path": {
      "version": "0.11.14",
      "resolved": "https://registry.npmjs.org/path/-/path-0.11.14.tgz",
      "integrity": "sha1-y8dWk1XLPIOv60rOQ+z/lSMeWn0="
    },
    "request": {
      "version": "2.81.0",
      "resolved": "https://registry.npmjs.org/request/-/request-2.81.0.tgz",
      "integrity": "sha1-xpKJRqDgbF+Nb4qTM0af/aRimKA="
    },
    "sweetalert": {
      "version": "1.1.3",
      "resolved": "https://registry.npmjs.org/sweetalert/-/sweetalert-1.1.3.tgz",
      "integrity": "sha1-0sMepJKyK2qNiHrqFZiaI4/AhK4="
    },
    "sweetalert2": {
      "version": "6.6.8",
      "resolved": "https://registry.npmjs.org/sweetalert2/-/sweetalert2-6.6.8.tgz",
      "integrity": "sha512-bbSi1JhvYPD0Si3u8f+JTAKAhsVtqes2h06/9R/xMdMiVQrbteWsQWI9K7cOLM2g9RqXNINiuE4h2cVfEyGCIg=="
    }
  }
}
